
Microsoft Visual Studio Solution File, Format Version 12.00
# Visual Studio Version 17
VisualStudioVersion = 17.5.33424.131
MinimumVisualStudioVersion = 10.0.40219.1
Project("{FAE04EC0-301F-11D3-BF4B-00C04F79EFBC}") = "OOP_LAB4_TASK2", "OOP_LAB4_TASK2.csproj", "{18A49115-5F38-4DEE-BB82-EE4DD450F22E}"
EndProject
Project("{FAE04EC0-301F-11D3-BF4B-00C04F79EFBC}") = "Testing", "..\Testing\Testing.csproj", "{0D39BD3D-FD0C-42C7-95F9-DC699DC92FDB}"
EndProject
Global
	GlobalSection(SolutionConfigurationPlatforms) = preSolution
		Debug|Any CPU = Debug|Any CPU
		Release|Any CPU = Release|Any CPU
	EndGlobalSection
	GlobalSection(ProjectConfigurationPlatforms) = postSolution
		{18A49115-5F38-4DEE-BB82-EE4DD450F22E}.Debug|Any CPU.ActiveCfg = Debug|Any CPU
		{18A49115-5F38-4DEE-BB82-EE4DD450F22E}.Debug|Any CPU.Build.0 = Debug|Any CPU
		{18A49115-5F38-4DEE-BB82-EE4DD450F22E}.Release|Any CPU.ActiveCfg = Release|Any CPU
		{18A49115-5F38-4DEE-BB82-EE4DD450F22E}.Release|Any CPU.Build.0 = Release|Any CPU
		{0D39BD3D-FD0C-42C7-95F9-DC699DC92FDB}.Debug|Any CPU.ActiveCfg = Debug|Any CPU
		{0D39BD3D-FD0C-42C7-95F9-DC699DC92FDB}.Debug|Any CPU.Build.0 = Debug|Any CPU
		{0D39BD3D-FD0C-42C7-95F9-DC699DC92FDB}.Release|Any CPU.ActiveCfg = Release|Any CPU
		{0D39BD3D-FD0C-42C7-95F9-DC699DC92FDB}.Release|Any CPU.Build.0 = Release|Any CPU
	EndGlobalSection
	GlobalSection(SolutionProperties) = preSolution
		HideSolutionNode = FALSE
	EndGlobalSection
	GlobalSection(ExtensibilityGlobals) = postSolution
		SolutionGuid = {5DA996C5-7112-4B45-A858-29094F0498D2}
	EndGlobalSection
EndGlobal
